// !$*UTF8*$!
{
	archiveVersion = 1;
	classes = {
	};
	objectVersion = 46;
	objects = {

/* Begin PBXBuildFile section */
		1593E1BB1AD298D70098C566 /* Config.swift in Sources */ = {isa = PBXBuildFile; fileRef = 1593E1BA1AD298D70098C566 /* Config.swift */; };
		1593E1C01AD29CA10098C566 /* HTTPMethod.swift in Sources */ = {isa = PBXBuildFile; fileRef = 1593E1BF1AD29CA10098C566 /* HTTPMethod.swift */; };
		1593E1C21AD29CDA0098C566 /* APIEndpoint.swift in Sources */ = {isa = PBXBuildFile; fileRef = 1593E1C11AD29CDA0098C566 /* APIEndpoint.swift */; };
		1593E1C41AD29D350098C566 /* CatapultV1API.swift in Sources */ = {isa = PBXBuildFile; fileRef = 1593E1C31AD29D350098C566 /* CatapultV1API.swift */; };
		1593E1C61AD29EAD0098C566 /* CatapultService.swift in Sources */ = {isa = PBXBuildFile; fileRef = 1593E1C51AD29EAD0098C566 /* CatapultService.swift */; };
		1593E1CA1AD2A8050098C566 /* User.swift in Sources */ = {isa = PBXBuildFile; fileRef = 1593E1C91AD2A8050098C566 /* User.swift */; };
		1593E1CC1AD2A85B0098C566 /* Endpoint.swift in Sources */ = {isa = PBXBuildFile; fileRef = 1593E1CB1AD2A85B0098C566 /* Endpoint.swift */; };
		1593E1CE1AD2A8E60098C566 /* Credentials.swift in Sources */ = {isa = PBXBuildFile; fileRef = 1593E1CD1AD2A8E60098C566 /* Credentials.swift */; };
		1593E1D11AD2B8640098C566 /* Session.swift in Sources */ = {isa = PBXBuildFile; fileRef = 1593E1D01AD2B8640098C566 /* Session.swift */; };
		1593E1D31AD2BF150098C566 /* RegistrationViewController.swift in Sources */ = {isa = PBXBuildFile; fileRef = 1593E1D21AD2BF150098C566 /* RegistrationViewController.swift */; };
		1593E1D51AD2D7D30098C566 /* MainTabBarController.swift in Sources */ = {isa = PBXBuildFile; fileRef = 1593E1D41AD2D7D30098C566 /* MainTabBarController.swift */; };
		1593E1D71AD2D8400098C566 /* DialerViewController.swift in Sources */ = {isa = PBXBuildFile; fileRef = 1593E1D61AD2D8400098C566 /* DialerViewController.swift */; };
		1593E1D91AD2D84C0098C566 /* SettingsViewController.swift in Sources */ = {isa = PBXBuildFile; fileRef = 1593E1D81AD2D84C0098C566 /* SettingsViewController.swift */; };
		1593E1DF1AD2F3130098C566 /* SIPManager.swift in Sources */ = {isa = PBXBuildFile; fileRef = 1593E1DE1AD2F3130098C566 /* SIPManager.swift */; };
		1595ACCD1AD5484B005A323B /* CallViewController.swift in Sources */ = {isa = PBXBuildFile; fileRef = 1595ACCC1AD5484B005A323B /* CallViewController.swift */; };
		1595ACCF1AD56510005A323B /* CallRouter.swift in Sources */ = {isa = PBXBuildFile; fileRef = 1595ACCE1AD56510005A323B /* CallRouter.swift */; };
		15B2E6761ACD573B003BDD65 /* AppDelegate.swift in Sources */ = {isa = PBXBuildFile; fileRef = 15B2E6751ACD573B003BDD65 /* AppDelegate.swift */; };
		15B2E6781ACD573B003BDD65 /* SessionCheckViewController.swift in Sources */ = {isa = PBXBuildFile; fileRef = 15B2E6771ACD573B003BDD65 /* SessionCheckViewController.swift */; };
		15B2E67B1ACD573B003BDD65 /* Main.storyboard in Resources */ = {isa = PBXBuildFile; fileRef = 15B2E6791ACD573B003BDD65 /* Main.storyboard */; };
		15B2E67D1ACD573B003BDD65 /* Images.xcassets in Resources */ = {isa = PBXBuildFile; fileRef = 15B2E67C1ACD573B003BDD65 /* Images.xcassets */; };
		15B2E6A51ACD5AF5003BDD65 /* AudioToolbox.framework in Frameworks */ = {isa = PBXBuildFile; fileRef = 15B2E6A41ACD5AF5003BDD65 /* AudioToolbox.framework */; };
		15B2E6A71ACD5B03003BDD65 /* AVFoundation.framework in Frameworks */ = {isa = PBXBuildFile; fileRef = 15B2E6A61ACD5B03003BDD65 /* AVFoundation.framework */; };
		15B2E6A91ACD5B1C003BDD65 /* SystemConfiguration.framework in Frameworks */ = {isa = PBXBuildFile; fileRef = 15B2E6A81ACD5B1C003BDD65 /* SystemConfiguration.framework */; };
		15B2E6AB1ACD5B24003BDD65 /* CoreLocation.framework in Frameworks */ = {isa = PBXBuildFile; fileRef = 15B2E6AA1ACD5B24003BDD65 /* CoreLocation.framework */; };
		15B2E6AD1ACD5B40003BDD65 /* libresolv.dylib in Frameworks */ = {isa = PBXBuildFile; fileRef = 15B2E6AC1ACD5B40003BDD65 /* libresolv.dylib */; };
		15B2E6AF1ACD5B8C003BDD65 /* libstdc++.dylib in Frameworks */ = {isa = PBXBuildFile; fileRef = 15B2E6AE1ACD5B8C003BDD65 /* libstdc++.dylib */; };
		15D43E631AD3EFAF0086CD53 /* DialpadViewController.swift in Sources */ = {isa = PBXBuildFile; fileRef = 15D43E621AD3EFAF0086CD53 /* DialpadViewController.swift */; };
		15D43E651AD3F16A0086CD53 /* BWSip.framework in Frameworks */ = {isa = PBXBuildFile; fileRef = 15D43E641AD3F16A0086CD53 /* BWSip.framework */; };
/* End PBXBuildFile section */

/* Begin PBXFileReference section */
		1593E1BA1AD298D70098C566 /* Config.swift */ = {isa = PBXFileReference; fileEncoding = 4; lastKnownFileType = sourcecode.swift; path = Config.swift; sourceTree = "<group>"; };
		1593E1BF1AD29CA10098C566 /* HTTPMethod.swift */ = {isa = PBXFileReference; fileEncoding = 4; lastKnownFileType = sourcecode.swift; path = HTTPMethod.swift; sourceTree = "<group>"; };
		1593E1C11AD29CDA0098C566 /* APIEndpoint.swift */ = {isa = PBXFileReference; fileEncoding = 4; lastKnownFileType = sourcecode.swift; path = APIEndpoint.swift; sourceTree = "<group>"; };
		1593E1C31AD29D350098C566 /* CatapultV1API.swift */ = {isa = PBXFileReference; fileEncoding = 4; lastKnownFileType = sourcecode.swift; path = CatapultV1API.swift; sourceTree = "<group>"; };
		1593E1C51AD29EAD0098C566 /* CatapultService.swift */ = {isa = PBXFileReference; fileEncoding = 4; lastKnownFileType = sourcecode.swift; path = CatapultService.swift; sourceTree = "<group>"; };
		1593E1C91AD2A8050098C566 /* User.swift */ = {isa = PBXFileReference; fileEncoding = 4; lastKnownFileType = sourcecode.swift; path = User.swift; sourceTree = "<group>"; };
		1593E1CB1AD2A85B0098C566 /* Endpoint.swift */ = {isa = PBXFileReference; fileEncoding = 4; lastKnownFileType = sourcecode.swift; path = Endpoint.swift; sourceTree = "<group>"; };
		1593E1CD1AD2A8E60098C566 /* Credentials.swift */ = {isa = PBXFileReference; fileEncoding = 4; lastKnownFileType = sourcecode.swift; path = Credentials.swift; sourceTree = "<group>"; };
		1593E1D01AD2B8640098C566 /* Session.swift */ = {isa = PBXFileReference; fileEncoding = 4; lastKnownFileType = sourcecode.swift; path = Session.swift; sourceTree = "<group>"; };
		1593E1D21AD2BF150098C566 /* RegistrationViewController.swift */ = {isa = PBXFileReference; fileEncoding = 4; lastKnownFileType = sourcecode.swift; path = RegistrationViewController.swift; sourceTree = "<group>"; };
		1593E1D41AD2D7D30098C566 /* MainTabBarController.swift */ = {isa = PBXFileReference; fileEncoding = 4; lastKnownFileType = sourcecode.swift; path = MainTabBarController.swift; sourceTree = "<group>"; };
		1593E1D61AD2D8400098C566 /* DialerViewController.swift */ = {isa = PBXFileReference; fileEncoding = 4; lastKnownFileType = sourcecode.swift; path = DialerViewController.swift; sourceTree = "<group>"; };
		1593E1D81AD2D84C0098C566 /* SettingsViewController.swift */ = {isa = PBXFileReference; fileEncoding = 4; lastKnownFileType = sourcecode.swift; path = SettingsViewController.swift; sourceTree = "<group>"; };
		1593E1DE1AD2F3130098C566 /* SIPManager.swift */ = {isa = PBXFileReference; fileEncoding = 4; lastKnownFileType = sourcecode.swift; path = SIPManager.swift; sourceTree = "<group>"; };
		1595ACCC1AD5484B005A323B /* CallViewController.swift */ = {isa = PBXFileReference; fileEncoding = 4; lastKnownFileType = sourcecode.swift; path = CallViewController.swift; sourceTree = "<group>"; };
		1595ACCE1AD56510005A323B /* CallRouter.swift */ = {isa = PBXFileReference; fileEncoding = 4; lastKnownFileType = sourcecode.swift; path = CallRouter.swift; sourceTree = "<group>"; };
		15B2E6701ACD573B003BDD65 /* Bandwidth Voice Ref App.app */ = {isa = PBXFileReference; explicitFileType = wrapper.application; includeInIndex = 0; path = "Bandwidth Voice Ref App.app"; sourceTree = BUILT_PRODUCTS_DIR; };
		15B2E6741ACD573B003BDD65 /* Info.plist */ = {isa = PBXFileReference; lastKnownFileType = text.plist.xml; path = Info.plist; sourceTree = "<group>"; };
		15B2E6751ACD573B003BDD65 /* AppDelegate.swift */ = {isa = PBXFileReference; lastKnownFileType = sourcecode.swift; path = AppDelegate.swift; sourceTree = "<group>"; };
		15B2E6771ACD573B003BDD65 /* SessionCheckViewController.swift */ = {isa = PBXFileReference; lastKnownFileType = sourcecode.swift; path = SessionCheckViewController.swift; sourceTree = "<group>"; };
		15B2E67A1ACD573B003BDD65 /* Base */ = {isa = PBXFileReference; lastKnownFileType = file.storyboard; name = Base; path = Base.lproj/Main.storyboard; sourceTree = "<group>"; };
		15B2E67C1ACD573B003BDD65 /* Images.xcassets */ = {isa = PBXFileReference; lastKnownFileType = folder.assetcatalog; path = Images.xcassets; sourceTree = "<group>"; };
		15B2E6A41ACD5AF5003BDD65 /* AudioToolbox.framework */ = {isa = PBXFileReference; lastKnownFileType = wrapper.framework; name = AudioToolbox.framework; path = System/Library/Frameworks/AudioToolbox.framework; sourceTree = SDKROOT; };
		15B2E6A61ACD5B03003BDD65 /* AVFoundation.framework */ = {isa = PBXFileReference; lastKnownFileType = wrapper.framework; name = AVFoundation.framework; path = System/Library/Frameworks/AVFoundation.framework; sourceTree = SDKROOT; };
		15B2E6A81ACD5B1C003BDD65 /* SystemConfiguration.framework */ = {isa = PBXFileReference; lastKnownFileType = wrapper.framework; name = SystemConfiguration.framework; path = System/Library/Frameworks/SystemConfiguration.framework; sourceTree = SDKROOT; };
		15B2E6AA1ACD5B24003BDD65 /* CoreLocation.framework */ = {isa = PBXFileReference; lastKnownFileType = wrapper.framework; name = CoreLocation.framework; path = System/Library/Frameworks/CoreLocation.framework; sourceTree = SDKROOT; };
		15B2E6AC1ACD5B40003BDD65 /* libresolv.dylib */ = {isa = PBXFileReference; lastKnownFileType = "compiled.mach-o.dylib"; name = libresolv.dylib; path = usr/lib/libresolv.dylib; sourceTree = SDKROOT; };
		15B2E6AE1ACD5B8C003BDD65 /* libstdc++.dylib */ = {isa = PBXFileReference; lastKnownFileType = "compiled.mach-o.dylib"; name = "libstdc++.dylib"; path = "usr/lib/libstdc++.dylib"; sourceTree = SDKROOT; };
		15B2E6B01ACD5D04003BDD65 /* README.md */ = {isa = PBXFileReference; fileEncoding = 4; lastKnownFileType = net.daringfireball.markdown; path = README.md; sourceTree = SOURCE_ROOT; };
		15B2E6B21ACD6550003BDD65 /* BridgingHeader.h */ = {isa = PBXFileReference; lastKnownFileType = sourcecode.c.h; path = BridgingHeader.h; sourceTree = "<group>"; };
		15D43E621AD3EFAF0086CD53 /* DialpadViewController.swift */ = {isa = PBXFileReference; fileEncoding = 4; lastKnownFileType = sourcecode.swift; path = DialpadViewController.swift; sourceTree = "<group>"; };
		15D43E641AD3F16A0086CD53 /* BWSip.framework */ = {isa = PBXFileReference; lastKnownFileType = wrapper.framework; path = BWSip.framework; sourceTree = "<group>"; };
/* End PBXFileReference section */

/* Begin PBXFrameworksBuildPhase section */
		15B2E66D1ACD573B003BDD65 /* Frameworks */ = {
			isa = PBXFrameworksBuildPhase;
			buildActionMask = 2147483647;
			files = (
				15B2E6AF1ACD5B8C003BDD65 /* libstdc++.dylib in Frameworks */,
				15B2E6AD1ACD5B40003BDD65 /* libresolv.dylib in Frameworks */,
				15B2E6AB1ACD5B24003BDD65 /* CoreLocation.framework in Frameworks */,
				15B2E6A91ACD5B1C003BDD65 /* SystemConfiguration.framework in Frameworks */,
				15B2E6A71ACD5B03003BDD65 /* AVFoundation.framework in Frameworks */,
				15D43E651AD3F16A0086CD53 /* BWSip.framework in Frameworks */,
				15B2E6A51ACD5AF5003BDD65 /* AudioToolbox.framework in Frameworks */,
			);
			runOnlyForDeploymentPostprocessing = 0;
		};
/* End PBXFrameworksBuildPhase section */

/* Begin PBXGroup section */
		1593E1BD1AD29B150098C566 /* View Controllers */ = {
			isa = PBXGroup;
			children = (
				15B2E6771ACD573B003BDD65 /* SessionCheckViewController.swift */,
				1593E1D21AD2BF150098C566 /* RegistrationViewController.swift */,
				1593E1D41AD2D7D30098C566 /* MainTabBarController.swift */,
				15D43E621AD3EFAF0086CD53 /* DialpadViewController.swift */,
				1593E1D61AD2D8400098C566 /* DialerViewController.swift */,
				1595ACCC1AD5484B005A323B /* CallViewController.swift */,
				1593E1D81AD2D84C0098C566 /* SettingsViewController.swift */,
			);
			name = "View Controllers";
			sourceTree = "<group>";
		};
		1593E1BE1AD29BFA0098C566 /* API */ = {
			isa = PBXGroup;
			children = (
				1593E1BF1AD29CA10098C566 /* HTTPMethod.swift */,
				1593E1C11AD29CDA0098C566 /* APIEndpoint.swift */,
				1593E1C31AD29D350098C566 /* CatapultV1API.swift */,
				1593E1C51AD29EAD0098C566 /* CatapultService.swift */,
			);
			name = API;
			sourceTree = "<group>";
		};
		1593E1C81AD2A7F00098C566 /* Model */ = {
			isa = PBXGroup;
			children = (
				1593E1C91AD2A8050098C566 /* User.swift */,
				1593E1CB1AD2A85B0098C566 /* Endpoint.swift */,
				1593E1CD1AD2A8E60098C566 /* Credentials.swift */,
			);
			name = Model;
			sourceTree = "<group>";
		};
		1593E1CF1AD2B7F20098C566 /* Session */ = {
			isa = PBXGroup;
			children = (
				1593E1D01AD2B8640098C566 /* Session.swift */,
			);
			name = Session;
			sourceTree = "<group>";
		};
		1593E1DD1AD2F3010098C566 /* SIP */ = {
			isa = PBXGroup;
			children = (
				1593E1DE1AD2F3130098C566 /* SIPManager.swift */,
				1595ACCE1AD56510005A323B /* CallRouter.swift */,
			);
			name = SIP;
			sourceTree = "<group>";
		};
		15B2E6671ACD573B003BDD65 = {
			isa = PBXGroup;
			children = (
				15B2E6721ACD573B003BDD65 /* Bandwidth Voice Ref App */,
				15B2E6711ACD573B003BDD65 /* Products */,
				15B2E6B01ACD5D04003BDD65 /* README.md */,
			);
			sourceTree = "<group>";
		};
		15B2E6711ACD573B003BDD65 /* Products */ = {
			isa = PBXGroup;
			children = (
				15B2E6701ACD573B003BDD65 /* Bandwidth Voice Ref App.app */,
			);
			name = Products;
			sourceTree = "<group>";
		};
		15B2E6721ACD573B003BDD65 /* Bandwidth Voice Ref App */ = {
			isa = PBXGroup;
			children = (
				15B2E6951ACD578E003BDD65 /* Classes */,
				15B2E6961ACD579A003BDD65 /* Resources */,
				15B2E6731ACD573B003BDD65 /* Supporting Files */,
				15B2E6971ACD5974003BDD65 /* Frameworks */,
			);
			path = "Bandwidth Voice Ref App";
			sourceTree = "<group>";
		};
		15B2E6731ACD573B003BDD65 /* Supporting Files */ = {
			isa = PBXGroup;
			children = (
				15B2E6741ACD573B003BDD65 /* Info.plist */,
				15B2E6B21ACD6550003BDD65 /* BridgingHeader.h */,
			);
			path = "Supporting Files";
			sourceTree = "<group>";
		};
		15B2E6951ACD578E003BDD65 /* Classes */ = {
			isa = PBXGroup;
			children = (
				1593E1C81AD2A7F00098C566 /* Model */,
				1593E1CF1AD2B7F20098C566 /* Session */,
				1593E1BE1AD29BFA0098C566 /* API */,
				1593E1DD1AD2F3010098C566 /* SIP */,
				1593E1BD1AD29B150098C566 /* View Controllers */,
				15B2E6751ACD573B003BDD65 /* AppDelegate.swift */,
				1593E1BA1AD298D70098C566 /* Config.swift */,
			);
			path = Classes;
			sourceTree = "<group>";
		};
		15B2E6961ACD579A003BDD65 /* Resources */ = {
			isa = PBXGroup;
			children = (
				15B2E6791ACD573B003BDD65 /* Main.storyboard */,
				15B2E67C1ACD573B003BDD65 /* Images.xcassets */,
			);
			path = Resources;
			sourceTree = "<group>";
		};
		15B2E6971ACD5974003BDD65 /* Frameworks */ = {
			isa = PBXGroup;
			children = (
				15B2E6AE1ACD5B8C003BDD65 /* libstdc++.dylib */,
				15B2E6AC1ACD5B40003BDD65 /* libresolv.dylib */,
				15B2E6AA1ACD5B24003BDD65 /* CoreLocation.framework */,
				15B2E6A81ACD5B1C003BDD65 /* SystemConfiguration.framework */,
				15B2E6A61ACD5B03003BDD65 /* AVFoundation.framework */,
				15B2E6A41ACD5AF5003BDD65 /* AudioToolbox.framework */,
				15D43E641AD3F16A0086CD53 /* BWSip.framework */,
			);
			path = Frameworks;
			sourceTree = "<group>";
		};
/* End PBXGroup section */

/* Begin PBXNativeTarget section */
		15B2E66F1ACD573B003BDD65 /* Bandwidth Voice Ref App */ = {
			isa = PBXNativeTarget;
			buildConfigurationList = 15B2E68F1ACD573B003BDD65 /* Build configuration list for PBXNativeTarget "Bandwidth Voice Ref App" */;
			buildPhases = (
				1593E1BC1AD299DC0098C566 /* Check Config File */,
				15B2E66C1ACD573B003BDD65 /* Sources */,
				15B2E66D1ACD573B003BDD65 /* Frameworks */,
				15B2E66E1ACD573B003BDD65 /* Resources */,
			);
			buildRules = (
			);
			dependencies = (
			);
			name = "Bandwidth Voice Ref App";
			productName = "Catapult Sample App";
			productReference = 15B2E6701ACD573B003BDD65 /* Bandwidth Voice Ref App.app */;
			productType = "com.apple.product-type.application";
		};
/* End PBXNativeTarget section */

/* Begin PBXProject section */
		15B2E6681ACD573B003BDD65 /* Project object */ = {
			isa = PBXProject;
			attributes = {
				LastUpgradeCheck = 0620;
				ORGANIZATIONNAME = Bandwidth;
				TargetAttributes = {
					15B2E66F1ACD573B003BDD65 = {
						CreatedOnToolsVersion = 6.2;
						SystemCapabilities = {
							com.apple.BackgroundModes = {
								enabled = 1;
							};
						};
					};
				};
			};
			buildConfigurationList = 15B2E66B1ACD573B003BDD65 /* Build configuration list for PBXProject "Bandwidth Voice Ref App" */;
			compatibilityVersion = "Xcode 3.2";
			developmentRegion = English;
			hasScannedForEncodings = 0;
			knownRegions = (
				en,
				Base,
			);
			mainGroup = 15B2E6671ACD573B003BDD65;
			productRefGroup = 15B2E6711ACD573B003BDD65 /* Products */;
			projectDirPath = "";
			projectRoot = "";
			targets = (
				15B2E66F1ACD573B003BDD65 /* Bandwidth Voice Ref App */,
			);
		};
/* End PBXProject section */

/* Begin PBXResourcesBuildPhase section */
		15B2E66E1ACD573B003BDD65 /* Resources */ = {
			isa = PBXResourcesBuildPhase;
			buildActionMask = 2147483647;
			files = (
				15B2E67B1ACD573B003BDD65 /* Main.storyboard in Resources */,
				15B2E67D1ACD573B003BDD65 /* Images.xcassets in Resources */,
			);
			runOnlyForDeploymentPostprocessing = 0;
		};
/* End PBXResourcesBuildPhase section */

/* Begin PBXShellScriptBuildPhase section */
		1593E1BC1AD299DC0098C566 /* Check Config File */ = {
			isa = PBXShellScriptBuildPhase;
			buildActionMask = 2147483647;
			files = (
			);
			inputPaths = (
				"$(SRCROOT)/Bandwidth Voice Ref App/Classes/Config.swift",
			);
			name = "Check Config File";
			outputPaths = (
			);
			runOnlyForDeploymentPostprocessing = 0;
			shellPath = /bin/sh;
			shellScript = "if grep -q \"<replace me>\" \"${SCRIPT_INPUT_FILE_0}\"; then\necho -e \"${SCRIPT_INPUT_FILE_0}:14: error: you must set the server URL in the Config.swift file\"\nexit 1\nfi\n";
		};
/* End PBXShellScriptBuildPhase section */

/* Begin PBXSourcesBuildPhase section */
		15B2E66C1ACD573B003BDD65 /* Sources */ = {
			isa = PBXSourcesBuildPhase;
			buildActionMask = 2147483647;
			files = (
				1593E1C01AD29CA10098C566 /* HTTPMethod.swift in Sources */,
				15D43E631AD3EFAF0086CD53 /* DialpadViewController.swift in Sources */,
				1593E1CC1AD2A85B0098C566 /* Endpoint.swift in Sources */,
				1593E1DF1AD2F3130098C566 /* SIPManager.swift in Sources */,
				1593E1CE1AD2A8E60098C566 /* Credentials.swift in Sources */,
				1593E1C41AD29D350098C566 /* CatapultV1API.swift in Sources */,
				1595ACCF1AD56510005A323B /* CallRouter.swift in Sources */,
				15B2E6781ACD573B003BDD65 /* SessionCheckViewController.swift in Sources */,
				15B2E6761ACD573B003BDD65 /* AppDelegate.swift in Sources */,
				1593E1D31AD2BF150098C566 /* RegistrationViewController.swift in Sources */,
				1593E1D51AD2D7D30098C566 /* MainTabBarController.swift in Sources */,
				1593E1D91AD2D84C0098C566 /* SettingsViewController.swift in Sources */,
				1593E1CA1AD2A8050098C566 /* User.swift in Sources */,
				1595ACCD1AD5484B005A323B /* CallViewController.swift in Sources */,
				1593E1D11AD2B8640098C566 /* Session.swift in Sources */,
				1593E1C61AD29EAD0098C566 /* CatapultService.swift in Sources */,
				1593E1BB1AD298D70098C566 /* Config.swift in Sources */,
				1593E1C21AD29CDA0098C566 /* APIEndpoint.swift in Sources */,
				1593E1D71AD2D8400098C566 /* DialerViewController.swift in Sources */,
			);
			runOnlyForDeploymentPostprocessing = 0;
		};
/* End PBXSourcesBuildPhase section */

/* Begin PBXVariantGroup section */
		15B2E6791ACD573B003BDD65 /* Main.storyboard */ = {
			isa = PBXVariantGroup;
			children = (
				15B2E67A1ACD573B003BDD65 /* Base */,
			);
			name = Main.storyboard;
			sourceTree = "<group>";
		};
/* End PBXVariantGroup section */

/* Begin XCBuildConfiguration section */
		15B2E68D1ACD573B003BDD65 /* Debug */ = {
			isa = XCBuildConfiguration;
			buildSettings = {
				ALWAYS_SEARCH_USER_PATHS = NO;
				CLANG_CXX_LANGUAGE_STANDARD = "gnu++0x";
				CLANG_CXX_LIBRARY = "libc++";
				CLANG_ENABLE_MODULES = YES;
				CLANG_ENABLE_OBJC_ARC = YES;
				CLANG_WARN_BOOL_CONVERSION = YES;
				CLANG_WARN_CONSTANT_CONVERSION = YES;
				CLANG_WARN_DIRECT_OBJC_ISA_USAGE = YES_ERROR;
				CLANG_WARN_EMPTY_BODY = YES;
				CLANG_WARN_ENUM_CONVERSION = YES;
				CLANG_WARN_INT_CONVERSION = YES;
				CLANG_WARN_OBJC_ROOT_CLASS = YES_ERROR;
				CLANG_WARN_UNREACHABLE_CODE = YES;
				CLANG_WARN__DUPLICATE_METHOD_MATCH = YES;
				"CODE_SIGN_IDENTITY[sdk=iphoneos*]" = "iPhone Developer";
				COPY_PHASE_STRIP = NO;
				ENABLE_STRICT_OBJC_MSGSEND = YES;
				GCC_C_LANGUAGE_STANDARD = gnu99;
				GCC_DYNAMIC_NO_PIC = NO;
				GCC_OPTIMIZATION_LEVEL = 0;
				GCC_PREPROCESSOR_DEFINITIONS = (
					"DEBUG=1",
					"$(inherited)",
				);
				GCC_SYMBOLS_PRIVATE_EXTERN = NO;
				GCC_WARN_64_TO_32_BIT_CONVERSION = YES;
				GCC_WARN_ABOUT_RETURN_TYPE = YES_ERROR;
				GCC_WARN_UNDECLARED_SELECTOR = YES;
				GCC_WARN_UNINITIALIZED_AUTOS = YES_AGGRESSIVE;
				GCC_WARN_UNUSED_FUNCTION = YES;
				GCC_WARN_UNUSED_VARIABLE = YES;
				IPHONEOS_DEPLOYMENT_TARGET = 8.2;
				MTL_ENABLE_DEBUG_INFO = YES;
				ONLY_ACTIVE_ARCH = YES;
				SDKROOT = iphoneos;
				SWIFT_OPTIMIZATION_LEVEL = "-Onone";
			};
			name = Debug;
		};
		15B2E68E1ACD573B003BDD65 /* Release */ = {
			isa = XCBuildConfiguration;
			buildSettings = {
				ALWAYS_SEARCH_USER_PATHS = NO;
				CLANG_CXX_LANGUAGE_STANDARD = "gnu++0x";
				CLANG_CXX_LIBRARY = "libc++";
				CLANG_ENABLE_MODULES = YES;
				CLANG_ENABLE_OBJC_ARC = YES;
				CLANG_WARN_BOOL_CONVERSION = YES;
				CLANG_WARN_CONSTANT_CONVERSION = YES;
				CLANG_WARN_DIRECT_OBJC_ISA_USAGE = YES_ERROR;
				CLANG_WARN_EMPTY_BODY = YES;
				CLANG_WARN_ENUM_CONVERSION = YES;
				CLANG_WARN_INT_CONVERSION = YES;
				CLANG_WARN_OBJC_ROOT_CLASS = YES_ERROR;
				CLANG_WARN_UNREACHABLE_CODE = YES;
				CLANG_WARN__DUPLICATE_METHOD_MATCH = YES;
				"CODE_SIGN_IDENTITY[sdk=iphoneos*]" = "iPhone Developer";
				COPY_PHASE_STRIP = NO;
				ENABLE_NS_ASSERTIONS = NO;
				ENABLE_STRICT_OBJC_MSGSEND = YES;
				GCC_C_LANGUAGE_STANDARD = gnu99;
				GCC_WARN_64_TO_32_BIT_CONVERSION = YES;
				GCC_WARN_ABOUT_RETURN_TYPE = YES_ERROR;
				GCC_WARN_UNDECLARED_SELECTOR = YES;
				GCC_WARN_UNINITIALIZED_AUTOS = YES_AGGRESSIVE;
				GCC_WARN_UNUSED_FUNCTION = YES;
				GCC_WARN_UNUSED_VARIABLE = YES;
				IPHONEOS_DEPLOYMENT_TARGET = 8.2;
				MTL_ENABLE_DEBUG_INFO = NO;
				SDKROOT = iphoneos;
				VALIDATE_PRODUCT = YES;
			};
			name = Release;
		};
		15B2E6901ACD573B003BDD65 /* Debug */ = {
			isa = XCBuildConfiguration;
			buildSettings = {
				ASSETCATALOG_COMPILER_APPICON_NAME = AppIcon;
				ASSETCATALOG_COMPILER_LAUNCHIMAGE_NAME = LaunchImage;
				FRAMEWORK_SEARCH_PATHS = (
					"$(inherited)",
					"\"$(PROJECT_DIR)/Bandwidth Voice Ref App/Frameworks\"",
				);
				INFOPLIST_FILE = "$(SRCROOT)/Bandwidth Voice Ref App/Supporting Files/Info.plist";
				IPHONEOS_DEPLOYMENT_TARGET = 7.0;
				LD_RUNPATH_SEARCH_PATHS = "$(inherited) @executable_path/Frameworks";
				PRODUCT_NAME = "Bandwidth Voice Ref App";
				SWIFT_OBJC_BRIDGING_HEADER = "$(PROJECT_DIR)/Bandwidth Voice Ref App/Supporting Files/BridgingHeader.h";
			};
			name = Debug;
		};
		15B2E6911ACD573B003BDD65 /* Release */ = {
			isa = XCBuildConfiguration;
			buildSettings = {
				ASSETCATALOG_COMPILER_APPICON_NAME = AppIcon;
				ASSETCATALOG_COMPILER_LAUNCHIMAGE_NAME = LaunchImage;
				FRAMEWORK_SEARCH_PATHS = (
					"$(inherited)",
					"\"$(PROJECT_DIR)/Bandwidth Voice Ref App/Frameworks\"",
				);
				INFOPLIST_FILE = "$(SRCROOT)/Bandwidth Voice Ref App/Supporting Files/Info.plist";
				IPHONEOS_DEPLOYMENT_TARGET = 7.0;
				LD_RUNPATH_SEARCH_PATHS = "$(inherited) @executable_path/Frameworks";
				PRODUCT_NAME = "Bandwidth Voice Ref App";
				SWIFT_OBJC_BRIDGING_HEADER = "$(PROJECT_DIR)/Bandwidth Voice Ref App/Supporting Files/BridgingHeader.h";
			};
			name = Release;
		};
/* End XCBuildConfiguration section */

/* Begin XCConfigurationList section */
		15B2E66B1ACD573B003BDD65 /* Build configuration list for PBXProject "Bandwidth Voice Ref App" */ = {
			isa = XCConfigurationList;
			buildConfigurations = (
				15B2E68D1ACD573B003BDD65 /* Debug */,
				15B2E68E1ACD573B003BDD65 /* Release */,
			);
			defaultConfigurationIsVisible = 0;
			defaultConfigurationName = Release;
		};
		15B2E68F1ACD573B003BDD65 /* Build configuration list for PBXNativeTarget "Bandwidth Voice Ref App" */ = {
			isa = XCConfigurationList;
			buildConfigurations = (
				15B2E6901ACD573B003BDD65 /* Debug */,
				15B2E6911ACD573B003BDD65 /* Release */,
			);
			defaultConfigurationIsVisible = 0;
			defaultConfigurationName = Release;
		};
/* End XCConfigurationList section */
	};
	rootObject = 15B2E6681ACD573B003BDD65 /* Project object */;
}
